
Microsoft Visual Studio Solution File, Format Version 12.00
# Visual Studio Version 16
VisualStudioVersion = 16.0.30104.148
MinimumVisualStudioVersion = 10.0.40219.1
Project("{FAE04EC0-301F-11D3-BF4B-00C04F79EFBC}") = "Assignment1ForWhileDowhile", "Assignment1ForWhileDowhile\Assignment1ForWhileDowhile.csproj", "{92D8E895-0242-4FC3-9141-AA518273621C}"
EndProject
Global
	GlobalSection(SolutionConfigurationPlatforms) = preSolution
		Debug|Any CPU = Debug|Any CPU
		Release|Any CPU = Release|Any CPU
	EndGlobalSection
	GlobalSection(ProjectConfigurationPlatforms) = postSolution
		{92D8E895-0242-4FC3-9141-AA518273621C}.Debug|Any CPU.ActiveCfg = Debug|Any CPU
		{92D8E895-0242-4FC3-9141-AA518273621C}.Debug|Any CPU.Build.0 = Debug|Any CPU
		{92D8E895-0242-4FC3-9141-AA518273621C}.Release|Any CPU.ActiveCfg = Release|Any CPU
		{92D8E895-0242-4FC3-9141-AA518273621C}.Release|Any CPU.Build.0 = Release|Any CPU
	EndGlobalSection
	GlobalSection(SolutionProperties) = preSolution
		HideSolutionNode = FALSE
	EndGlobalSection
	GlobalSection(ExtensibilityGlobals) = postSolution
		SolutionGuid = {BA791F4E-6CD8-47AF-94AF-0F52CE6D70E9}
	EndGlobalSection
EndGlobal
